// !$*UTF8*$!
{
	archiveVersion = 1;
	classes = {
	};
	objectVersion = 46;
	objects = {

/* Begin PBXBuildFile section */
		6906CFC818DF418C00D3006A /* FBCTrainingDetailController.m in Sources */ = {isa = PBXBuildFile; fileRef = 6906CFC718DF418C00D3006A /* FBCTrainingDetailController.m */; };
		6906CFCB18DF6F3B00D3006A /* FBCTrainingDetailCell.m in Sources */ = {isa = PBXBuildFile; fileRef = 6906CFCA18DF6F3B00D3006A /* FBCTrainingDetailCell.m */; };
		6906CFCE18DF70E300D3006A /* FBCTrainingDetailModel.m in Sources */ = {isa = PBXBuildFile; fileRef = 6906CFCD18DF70E300D3006A /* FBCTrainingDetailModel.m */; };
		6906CFD118DF7C0C00D3006A /* FBCTrainingDetailSectionHeaderView.m in Sources */ = {isa = PBXBuildFile; fileRef = 6906CFD018DF7C0C00D3006A /* FBCTrainingDetailSectionHeaderView.m */; };
		6906CFD418DF801800D3006A /* UICollectionView+ReloadAnimated.m in Sources */ = {isa = PBXBuildFile; fileRef = 6906CFD318DF801800D3006A /* UICollectionView+ReloadAnimated.m */; };
		6906CFD718DF871200D3006A /* NSMutableArray+RemoveDuplicates.m in Sources */ = {isa = PBXBuildFile; fileRef = 6906CFD618DF871200D3006A /* NSMutableArray+RemoveDuplicates.m */; };
		690B803E18CE33680042C083 /* FBCAppDelegate.m in Sources */ = {isa = PBXBuildFile; fileRef = 690B803918CE33680042C083 /* FBCAppDelegate.m */; };
		690B804118CE33680042C083 /* main.m in Sources */ = {isa = PBXBuildFile; fileRef = 690B803D18CE33680042C083 /* main.m */; };
		690B804418CE33FD0042C083 /* MainStoryboard.storyboard in Resources */ = {isa = PBXBuildFile; fileRef = 690B804318CE33FD0042C083 /* MainStoryboard.storyboard */; };
		690B804718CE3DC40042C083 /* FBCMainMenuController.m in Sources */ = {isa = PBXBuildFile; fileRef = 690B804618CE3DC40042C083 /* FBCMainMenuController.m */; };
		690B804A18CE41670042C083 /* FBCMainMenuCellFactory.m in Sources */ = {isa = PBXBuildFile; fileRef = 690B804918CE41670042C083 /* FBCMainMenuCellFactory.m */; };
		691E7AFE18CFDBE80030B929 /* FBCExerciseController.m in Sources */ = {isa = PBXBuildFile; fileRef = 691E7AFD18CFDBE80030B929 /* FBCExerciseController.m */; };
		691E7B0118CFDC1F0030B929 /* FBCToolboxController.m in Sources */ = {isa = PBXBuildFile; fileRef = 691E7B0018CFDC1F0030B929 /* FBCToolboxController.m */; };
		691E7B0418CFE2290030B929 /* FBCFieldController.m in Sources */ = {isa = PBXBuildFile; fileRef = 691E7B0318CFE2290030B929 /* FBCFieldController.m */; };
		691E7B0718CFE34E0030B929 /* FBCNotesPanelController.m in Sources */ = {isa = PBXBuildFile; fileRef = 691E7B0618CFE34E0030B929 /* FBCNotesPanelController.m */; };
		69391D0618DD99E70009E3AB /* FBCFavoritesModel.m in Sources */ = {isa = PBXBuildFile; fileRef = 69391D0518DD99E70009E3AB /* FBCFavoritesModel.m */; };
		69391D0918DDB0BF0009E3AB /* FBCEditUnitNameController.m in Sources */ = {isa = PBXBuildFile; fileRef = 69391D0818DDB0BF0009E3AB /* FBCEditUnitNameController.m */; };
		6990D18318D5C371003BC7BC /* FBCSortViewController.m in Sources */ = {isa = PBXBuildFile; fileRef = 6990D18218D5C371003BC7BC /* FBCSortViewController.m */; };
		69A2013C18D51C67005C4E7B /* FBCSimpleExerciseCell.m in Sources */ = {isa = PBXBuildFile; fileRef = 69A2013B18D51C67005C4E7B /* FBCSimpleExerciseCell.m */; };
		69A2013F18D5274F005C4E7B /* FBCTrainingCell.m in Sources */ = {isa = PBXBuildFile; fileRef = 69A2013E18D5274F005C4E7B /* FBCTrainingCell.m */; };
		69C3E4F818DCDC7500B6B1FB /* FBCUtilities.m in Sources */ = {isa = PBXBuildFile; fileRef = 69C3E4F718DCDC7500B6B1FB /* FBCUtilities.m */; };
		69C3E4F918DCDD3900B6B1FB /* localization.strings in Resources */ = {isa = PBXBuildFile; fileRef = 69C3E4FB18DCDD3900B6B1FB /* localization.strings */; };
		69C3E4FE18DCDF6C00B6B1FB /* FBCNote.m in Sources */ = {isa = PBXBuildFile; fileRef = 69C3E4FD18DCDF6C00B6B1FB /* FBCNote.m */; };
		69DE1C7618CE9289006A869C /* FBCAboutScreenController.m in Sources */ = {isa = PBXBuildFile; fileRef = 69DE1C7118CE8E3F006A869C /* FBCAboutScreenController.m */; };
		69EB651518D4E6DB00F72E33 /* FBCExercise.m in Sources */ = {isa = PBXBuildFile; fileRef = 69EB651418D4E6DB00F72E33 /* FBCExercise.m */; };
		69EB651818D4E6F500F72E33 /* FBCTraining.m in Sources */ = {isa = PBXBuildFile; fileRef = 69EB651718D4E6F500F72E33 /* FBCTraining.m */; };
		69EB651C18D4EC6A00F72E33 /* FBCTrainingUnitLibrary.m in Sources */ = {isa = PBXBuildFile; fileRef = 69EB651B18D4EC6A00F72E33 /* FBCTrainingUnitLibrary.m */; };
		69EB651F18D4F10E00F72E33 /* TestFBCTrainingUnitLibrary.m in Sources */ = {isa = PBXBuildFile; fileRef = 69EB651E18D4F10E00F72E33 /* TestFBCTrainingUnitLibrary.m */; };
		69EB652518D503EE00F72E33 /* FBCComplexExerciseCell.m in Sources */ = {isa = PBXBuildFile; fileRef = 69EB652418D503EE00F72E33 /* FBCComplexExerciseCell.m */; };
		69EB652818D5057700F72E33 /* NSDate+FBCDateToString.m in Sources */ = {isa = PBXBuildFile; fileRef = 69EB652718D5057700F72E33 /* NSDate+FBCDateToString.m */; };
		69ECF26718CE32C900F741AB /* Foundation.framework in Frameworks */ = {isa = PBXBuildFile; fileRef = 69ECF26618CE32C900F741AB /* Foundation.framework */; };
		69ECF26918CE32C900F741AB /* CoreGraphics.framework in Frameworks */ = {isa = PBXBuildFile; fileRef = 69ECF26818CE32C900F741AB /* CoreGraphics.framework */; };
		69ECF26B18CE32C900F741AB /* UIKit.framework in Frameworks */ = {isa = PBXBuildFile; fileRef = 69ECF26A18CE32C900F741AB /* UIKit.framework */; };
		69ECF28018CE32C900F741AB /* XCTest.framework in Frameworks */ = {isa = PBXBuildFile; fileRef = 69ECF27F18CE32C900F741AB /* XCTest.framework */; };
		69ECF28118CE32C900F741AB /* Foundation.framework in Frameworks */ = {isa = PBXBuildFile; fileRef = 69ECF26618CE32C900F741AB /* Foundation.framework */; };
		69ECF28218CE32C900F741AB /* UIKit.framework in Frameworks */ = {isa = PBXBuildFile; fileRef = 69ECF26A18CE32C900F741AB /* UIKit.framework */; };
		69F5882A18CF78C9002A18F4 /* FBCListViewController.m in Sources */ = {isa = PBXBuildFile; fileRef = 69F5882918CF78C9002A18F4 /* FBCListViewController.m */; };
		69FBC18318DCE7890070E258 /* FBCNewNoteController.m in Sources */ = {isa = PBXBuildFile; fileRef = 69FBC18218DCE7890070E258 /* FBCNewNoteController.m */; };
		69FBC18618DCF96A0070E258 /* FBCNoteCell.m in Sources */ = {isa = PBXBuildFile; fileRef = 69FBC18518DCF96A0070E258 /* FBCNoteCell.m */; };
		69FD432F18CFABF300A95B61 /* FBCExerciseListModel.m in Sources */ = {isa = PBXBuildFile; fileRef = 69FD432E18CFABF300A95B61 /* FBCExerciseListModel.m */; };
		69FD433218CFAC1C00A95B61 /* FBCTrainingListModel.m in Sources */ = {isa = PBXBuildFile; fileRef = 69FD433118CFAC1C00A95B61 /* FBCTrainingListModel.m */; };
		69FD433B18CFB7B000A95B61 /* FBCFadeSegue.m in Sources */ = {isa = PBXBuildFile; fileRef = 69FD433A18CFB7B000A95B61 /* FBCFadeSegue.m */; };
		69FD433E18CFB95500A95B61 /* FBCFlipHorizontalSegue.m in Sources */ = {isa = PBXBuildFile; fileRef = 69FD433D18CFB95500A95B61 /* FBCFlipHorizontalSegue.m */; };
		69FE9FF718E7632A00EEA177 /* LXReorderableCollectionViewFlowLayout.m in Sources */ = {isa = PBXBuildFile; fileRef = 69FE9FF618E7632A00EEA177 /* LXReorderableCollectionViewFlowLayout.m */; };
		69FEA00418E7633D00EEA177 /* LICENSE.txt in Resources */ = {isa = PBXBuildFile; fileRef = 69FE9FF918E7633D00EEA177 /* LICENSE.txt */; };
		69FEA00518E7633D00EEA177 /* NSData+MD5.m in Sources */ = {isa = PBXBuildFile; fileRef = 69FE9FFB18E7633D00EEA177 /* NSData+MD5.m */; };
		69FEA00618E7633D00EEA177 /* NSString+MD5.m in Sources */ = {isa = PBXBuildFile; fileRef = 69FE9FFD18E7633D00EEA177 /* NSString+MD5.m */; };
		69FEA00718E7633D00EEA177 /* PDFView.m in Sources */ = {isa = PBXBuildFile; fileRef = 69FE9FFF18E7633D00EEA177 /* PDFView.m */; };
		69FEA00818E7633D00EEA177 /* UIImage+PDF.m in Sources */ = {isa = PBXBuildFile; fileRef = 69FEA00118E7633D00EEA177 /* UIImage+PDF.m */; };
		69FEA00918E7633D00EEA177 /* UIView+Image.m in Sources */ = {isa = PBXBuildFile; fileRef = 69FEA00318E7633D00EEA177 /* UIView+Image.m */; };
		69FEA00D18E7643500EEA177 /* field.pdf in Resources */ = {isa = PBXBuildFile; fileRef = 69FEA00C18E7643500EEA177 /* field.pdf */; };
/* End PBXBuildFile section */

/* Begin PBXContainerItemProxy section */
		69ECF28318CE32C900F741AB /* PBXContainerItemProxy */ = {
			isa = PBXContainerItemProxy;
			containerPortal = 69ECF25B18CE32C800F741AB /* Project object */;
			proxyType = 1;
			remoteGlobalIDString = 69ECF26218CE32C800F741AB;
			remoteInfo = "Floorbal Coach";
		};
/* End PBXContainerItemProxy section */

/* Begin PBXFileReference section */
		6906CFC618DF418C00D3006A /* FBCTrainingDetailController.h */ = {isa = PBXFileReference; fileEncoding = 4; lastKnownFileType = sourcecode.c.h; path = FBCTrainingDetailController.h; sourceTree = "<group>"; };
		6906CFC718DF418C00D3006A /* FBCTrainingDetailController.m */ = {isa = PBXFileReference; fileEncoding = 4; lastKnownFileType = sourcecode.c.objc; path = FBCTrainingDetailController.m; sourceTree = "<group>"; };
		6906CFC918DF6F3B00D3006A /* FBCTrainingDetailCell.h */ = {isa = PBXFileReference; fileEncoding = 4; lastKnownFileType = sourcecode.c.h; path = FBCTrainingDetailCell.h; sourceTree = "<group>"; };
		6906CFCA18DF6F3B00D3006A /* FBCTrainingDetailCell.m */ = {isa = PBXFileReference; fileEncoding = 4; lastKnownFileType = sourcecode.c.objc; path = FBCTrainingDetailCell.m; sourceTree = "<group>"; };
		6906CFCC18DF70E300D3006A /* FBCTrainingDetailModel.h */ = {isa = PBXFileReference; fileEncoding = 4; lastKnownFileType = sourcecode.c.h; path = FBCTrainingDetailModel.h; sourceTree = "<group>"; };
		6906CFCD18DF70E300D3006A /* FBCTrainingDetailModel.m */ = {isa = PBXFileReference; fileEncoding = 4; lastKnownFileType = sourcecode.c.objc; path = FBCTrainingDetailModel.m; sourceTree = "<group>"; };
		6906CFCF18DF7C0C00D3006A /* FBCTrainingDetailSectionHeaderView.h */ = {isa = PBXFileReference; fileEncoding = 4; lastKnownFileType = sourcecode.c.h; path = FBCTrainingDetailSectionHeaderView.h; sourceTree = "<group>"; };
		6906CFD018DF7C0C00D3006A /* FBCTrainingDetailSectionHeaderView.m */ = {isa = PBXFileReference; fileEncoding = 4; lastKnownFileType = sourcecode.c.objc; path = FBCTrainingDetailSectionHeaderView.m; sourceTree = "<group>"; };
		6906CFD218DF801800D3006A /* UICollectionView+ReloadAnimated.h */ = {isa = PBXFileReference; fileEncoding = 4; lastKnownFileType = sourcecode.c.h; path = "UICollectionView+ReloadAnimated.h"; sourceTree = "<group>"; };
		6906CFD318DF801800D3006A /* UICollectionView+ReloadAnimated.m */ = {isa = PBXFileReference; fileEncoding = 4; lastKnownFileType = sourcecode.c.objc; path = "UICollectionView+ReloadAnimated.m"; sourceTree = "<group>"; };
		6906CFD518DF871200D3006A /* NSMutableArray+RemoveDuplicates.h */ = {isa = PBXFileReference; fileEncoding = 4; lastKnownFileType = sourcecode.c.h; path = "NSMutableArray+RemoveDuplicates.h"; sourceTree = "<group>"; };
		6906CFD618DF871200D3006A /* NSMutableArray+RemoveDuplicates.m */ = {isa = PBXFileReference; fileEncoding = 4; lastKnownFileType = sourcecode.c.objc; path = "NSMutableArray+RemoveDuplicates.m"; sourceTree = "<group>"; };
		690B803818CE33680042C083 /* FBCAppDelegate.h */ = {isa = PBXFileReference; fileEncoding = 4; lastKnownFileType = sourcecode.c.h; path = FBCAppDelegate.h; sourceTree = "<group>"; };
		690B803918CE33680042C083 /* FBCAppDelegate.m */ = {isa = PBXFileReference; fileEncoding = 4; lastKnownFileType = sourcecode.c.objc; path = FBCAppDelegate.m; sourceTree = "<group>"; };
		690B803A18CE33680042C083 /* Floorball Coach-Info.plist */ = {isa = PBXFileReference; fileEncoding = 4; lastKnownFileType = text.plist.xml; path = "Floorball Coach-Info.plist"; sourceTree = "<group>"; };
		690B803B18CE33680042C083 /* Floorball Coach-Prefix.pch */ = {isa = PBXFileReference; fileEncoding = 4; lastKnownFileType = sourcecode.c.h; path = "Floorball Coach-Prefix.pch"; sourceTree = "<group>"; };
		690B803D18CE33680042C083 /* main.m */ = {isa = PBXFileReference; fileEncoding = 4; lastKnownFileType = sourcecode.c.objc; path = main.m; sourceTree = "<group>"; };
		690B804318CE33FD0042C083 /* MainStoryboard.storyboard */ = {isa = PBXFileReference; fileEncoding = 4; lastKnownFileType = file.storyboard; path = MainStoryboard.storyboard; sourceTree = "<group>"; };
		690B804518CE3DC40042C083 /* FBCMainMenuController.h */ = {isa = PBXFileReference; fileEncoding = 4; lastKnownFileType = sourcecode.c.h; path = FBCMainMenuController.h; sourceTree = "<group>"; };
		690B804618CE3DC40042C083 /* FBCMainMenuController.m */ = {isa = PBXFileReference; fileEncoding = 4; lastKnownFileType = sourcecode.c.objc; path = FBCMainMenuController.m; sourceTree = "<group>"; };
		690B804818CE41670042C083 /* FBCMainMenuCellFactory.h */ = {isa = PBXFileReference; fileEncoding = 4; lastKnownFileType = sourcecode.c.h; path = FBCMainMenuCellFactory.h; sourceTree = "<group>"; };
		690B804918CE41670042C083 /* FBCMainMenuCellFactory.m */ = {isa = PBXFileReference; fileEncoding = 4; lastKnownFileType = sourcecode.c.objc; path = FBCMainMenuCellFactory.m; sourceTree = "<group>"; };
		691E7AFC18CFDBE80030B929 /* FBCExerciseController.h */ = {isa = PBXFileReference; fileEncoding = 4; lastKnownFileType = sourcecode.c.h; path = FBCExerciseController.h; sourceTree = "<group>"; };
		691E7AFD18CFDBE80030B929 /* FBCExerciseController.m */ = {isa = PBXFileReference; fileEncoding = 4; lastKnownFileType = sourcecode.c.objc; path = FBCExerciseController.m; sourceTree = "<group>"; };
		691E7AFF18CFDC1F0030B929 /* FBCToolboxController.h */ = {isa = PBXFileReference; fileEncoding = 4; lastKnownFileType = sourcecode.c.h; path = FBCToolboxController.h; sourceTree = "<group>"; };
		691E7B0018CFDC1F0030B929 /* FBCToolboxController.m */ = {isa = PBXFileReference; fileEncoding = 4; lastKnownFileType = sourcecode.c.objc; path = FBCToolboxController.m; sourceTree = "<group>"; };
		691E7B0218CFE2290030B929 /* FBCFieldController.h */ = {isa = PBXFileReference; fileEncoding = 4; lastKnownFileType = sourcecode.c.h; path = FBCFieldController.h; sourceTree = "<group>"; };
		691E7B0318CFE2290030B929 /* FBCFieldController.m */ = {isa = PBXFileReference; fileEncoding = 4; lastKnownFileType = sourcecode.c.objc; path = FBCFieldController.m; sourceTree = "<group>"; };
		691E7B0518CFE34E0030B929 /* FBCNotesPanelController.h */ = {isa = PBXFileReference; fileEncoding = 4; lastKnownFileType = sourcecode.c.h; path = FBCNotesPanelController.h; sourceTree = "<group>"; };
		691E7B0618CFE34E0030B929 /* FBCNotesPanelController.m */ = {isa = PBXFileReference; fileEncoding = 4; lastKnownFileType = sourcecode.c.objc; path = FBCNotesPanelController.m; sourceTree = "<group>"; };
		69302B5318D0957300C73208 /* FBCStoryboardIdentifiers.h */ = {isa = PBXFileReference; lastKnownFileType = sourcecode.c.h; path = FBCStoryboardIdentifiers.h; sourceTree = "<group>"; };
		69391D0418DD99E70009E3AB /* FBCFavoritesModel.h */ = {isa = PBXFileReference; fileEncoding = 4; lastKnownFileType = sourcecode.c.h; path = FBCFavoritesModel.h; sourceTree = "<group>"; };
		69391D0518DD99E70009E3AB /* FBCFavoritesModel.m */ = {isa = PBXFileReference; fileEncoding = 4; lastKnownFileType = sourcecode.c.objc; path = FBCFavoritesModel.m; sourceTree = "<group>"; };
		69391D0718DDB0BF0009E3AB /* FBCEditUnitNameController.h */ = {isa = PBXFileReference; fileEncoding = 4; lastKnownFileType = sourcecode.c.h; path = FBCEditUnitNameController.h; sourceTree = "<group>"; };
		69391D0818DDB0BF0009E3AB /* FBCEditUnitNameController.m */ = {isa = PBXFileReference; fileEncoding = 4; lastKnownFileType = sourcecode.c.objc; path = FBCEditUnitNameController.m; sourceTree = "<group>"; };
		6990D18118D5C371003BC7BC /* FBCSortViewController.h */ = {isa = PBXFileReference; fileEncoding = 4; lastKnownFileType = sourcecode.c.h; path = FBCSortViewController.h; sourceTree = "<group>"; };
		6990D18218D5C371003BC7BC /* FBCSortViewController.m */ = {isa = PBXFileReference; fileEncoding = 4; lastKnownFileType = sourcecode.c.objc; path = FBCSortViewController.m; sourceTree = "<group>"; };
		6990D18618D5D1D5003BC7BC /* FBCSortBlocks.h */ = {isa = PBXFileReference; fileEncoding = 4; lastKnownFileType = sourcecode.c.h; path = FBCSortBlocks.h; sourceTree = "<group>"; };
		69A2013A18D51C67005C4E7B /* FBCSimpleExerciseCell.h */ = {isa = PBXFileReference; fileEncoding = 4; lastKnownFileType = sourcecode.c.h; path = FBCSimpleExerciseCell.h; sourceTree = "<group>"; };
		69A2013B18D51C67005C4E7B /* FBCSimpleExerciseCell.m */ = {isa = PBXFileReference; fileEncoding = 4; lastKnownFileType = sourcecode.c.objc; path = FBCSimpleExerciseCell.m; sourceTree = "<group>"; };
		69A2013D18D5274F005C4E7B /* FBCTrainingCell.h */ = {isa = PBXFileReference; fileEncoding = 4; lastKnownFileType = sourcecode.c.h; path = FBCTrainingCell.h; sourceTree = "<group>"; };
		69A2013E18D5274F005C4E7B /* FBCTrainingCell.m */ = {isa = PBXFileReference; fileEncoding = 4; lastKnownFileType = sourcecode.c.objc; path = FBCTrainingCell.m; sourceTree = "<group>"; };
		69C3E4F618DCDC7500B6B1FB /* FBCUtilities.h */ = {isa = PBXFileReference; fileEncoding = 4; lastKnownFileType = sourcecode.c.h; path = FBCUtilities.h; sourceTree = "<group>"; };
		69C3E4F718DCDC7500B6B1FB /* FBCUtilities.m */ = {isa = PBXFileReference; fileEncoding = 4; lastKnownFileType = sourcecode.c.objc; path = FBCUtilities.m; sourceTree = "<group>"; };
		69C3E4FA18DCDD3900B6B1FB /* en */ = {isa = PBXFileReference; lastKnownFileType = text.plist.strings; name = en; path = en.lproj/localization.strings; sourceTree = "<group>"; };
		69C3E4FC18DCDF6C00B6B1FB /* FBCNote.h */ = {isa = PBXFileReference; fileEncoding = 4; lastKnownFileType = sourcecode.c.h; path = FBCNote.h; sourceTree = "<group>"; };
		69C3E4FD18DCDF6C00B6B1FB /* FBCNote.m */ = {isa = PBXFileReference; fileEncoding = 4; lastKnownFileType = sourcecode.c.objc; path = FBCNote.m; sourceTree = "<group>"; };
		69DE1C7018CE8E3F006A869C /* FBCAboutScreenController.h */ = {isa = PBXFileReference; fileEncoding = 4; lastKnownFileType = sourcecode.c.h; path = FBCAboutScreenController.h; sourceTree = "<group>"; };
		69DE1C7118CE8E3F006A869C /* FBCAboutScreenController.m */ = {isa = PBXFileReference; fileEncoding = 4; lastKnownFileType = sourcecode.c.objc; path = FBCAboutScreenController.m; sourceTree = "<group>"; };
		69DE1C7318CE8ECD006A869C /* FBCControllerDoneProtocol.h */ = {isa = PBXFileReference; fileEncoding = 4; lastKnownFileType = sourcecode.c.h; path = FBCControllerDoneProtocol.h; sourceTree = "<group>"; };
		69DE1C7518CE90A6006A869C /* FBCSegueIdentifiers.h */ = {isa = PBXFileReference; fileEncoding = 4; lastKnownFileType = sourcecode.c.h; path = FBCSegueIdentifiers.h; sourceTree = "<group>"; };
		69EB651318D4E6DB00F72E33 /* FBCExercise.h */ = {isa = PBXFileReference; fileEncoding = 4; lastKnownFileType = sourcecode.c.h; path = FBCExercise.h; sourceTree = "<group>"; };
		69EB651418D4E6DB00F72E33 /* FBCExercise.m */ = {isa = PBXFileReference; fileEncoding = 4; lastKnownFileType = sourcecode.c.objc; path = FBCExercise.m; sourceTree = "<group>"; };
		69EB651618D4E6F500F72E33 /* FBCTraining.h */ = {isa = PBXFileReference; fileEncoding = 4; lastKnownFileType = sourcecode.c.h; path = FBCTraining.h; sourceTree = "<group>"; };
		69EB651718D4E6F500F72E33 /* FBCTraining.m */ = {isa = PBXFileReference; fileEncoding = 4; lastKnownFileType = sourcecode.c.objc; path = FBCTraining.m; sourceTree = "<group>"; };
		69EB651918D4EBD800F72E33 /* FBCTrainingUnitProtocol.h */ = {isa = PBXFileReference; lastKnownFileType = sourcecode.c.h; path = FBCTrainingUnitProtocol.h; sourceTree = "<group>"; };
		69EB651A18D4EC6A00F72E33 /* FBCTrainingUnitLibrary.h */ = {isa = PBXFileReference; fileEncoding = 4; lastKnownFileType = sourcecode.c.h; path = FBCTrainingUnitLibrary.h; sourceTree = "<group>"; };
		69EB651B18D4EC6A00F72E33 /* FBCTrainingUnitLibrary.m */ = {isa = PBXFileReference; fileEncoding = 4; lastKnownFileType = sourcecode.c.objc; path = FBCTrainingUnitLibrary.m; sourceTree = "<group>"; };
		69EB651D18D4F10E00F72E33 /* TestFBCTrainingUnitLibrary.h */ = {isa = PBXFileReference; fileEncoding = 4; lastKnownFileType = sourcecode.c.h; path = TestFBCTrainingUnitLibrary.h; sourceTree = "<group>"; };
		69EB651E18D4F10E00F72E33 /* TestFBCTrainingUnitLibrary.m */ = {isa = PBXFileReference; fileEncoding = 4; lastKnownFileType = sourcecode.c.objc; path = TestFBCTrainingUnitLibrary.m; sourceTree = "<group>"; };
		69EB652318D503EE00F72E33 /* FBCComplexExerciseCell.h */ = {isa = PBXFileReference; fileEncoding = 4; lastKnownFileType = sourcecode.c.h; path = FBCComplexExerciseCell.h; sourceTree = "<group>"; };
		69EB652418D503EE00F72E33 /* FBCComplexExerciseCell.m */ = {isa = PBXFileReference; fileEncoding = 4; lastKnownFileType = sourcecode.c.objc; path = FBCComplexExerciseCell.m; sourceTree = "<group>"; };
		69EB652618D5057700F72E33 /* NSDate+FBCDateToString.h */ = {isa = PBXFileReference; fileEncoding = 4; lastKnownFileType = sourcecode.c.h; path = "NSDate+FBCDateToString.h"; sourceTree = "<group>"; };
		69EB652718D5057700F72E33 /* NSDate+FBCDateToString.m */ = {isa = PBXFileReference; fileEncoding = 4; lastKnownFileType = sourcecode.c.objc; path = "NSDate+FBCDateToString.m"; sourceTree = "<group>"; };
		69ECF26318CE32C900F741AB /* Floorball Coach.app */ = {isa = PBXFileReference; explicitFileType = wrapper.application; includeInIndex = 0; path = "Floorball Coach.app"; sourceTree = BUILT_PRODUCTS_DIR; };
		69ECF26618CE32C900F741AB /* Foundation.framework */ = {isa = PBXFileReference; lastKnownFileType = wrapper.framework; name = Foundation.framework; path = System/Library/Frameworks/Foundation.framework; sourceTree = SDKROOT; };
		69ECF26818CE32C900F741AB /* CoreGraphics.framework */ = {isa = PBXFileReference; lastKnownFileType = wrapper.framework; name = CoreGraphics.framework; path = System/Library/Frameworks/CoreGraphics.framework; sourceTree = SDKROOT; };
		69ECF26A18CE32C900F741AB /* UIKit.framework */ = {isa = PBXFileReference; lastKnownFileType = wrapper.framework; name = UIKit.framework; path = System/Library/Frameworks/UIKit.framework; sourceTree = SDKROOT; };
		69ECF27E18CE32C900F741AB /* Floorball CoachTests.xctest */ = {isa = PBXFileReference; explicitFileType = wrapper.cfbundle; includeInIndex = 0; path = "Floorball CoachTests.xctest"; sourceTree = BUILT_PRODUCTS_DIR; };
		69ECF27F18CE32C900F741AB /* XCTest.framework */ = {isa = PBXFileReference; lastKnownFileType = wrapper.framework; name = XCTest.framework; path = Library/Frameworks/XCTest.framework; sourceTree = DEVELOPER_DIR; };
		69F5882818CF78C9002A18F4 /* FBCListViewController.h */ = {isa = PBXFileReference; fileEncoding = 4; lastKnownFileType = sourcecode.c.h; path = FBCListViewController.h; sourceTree = "<group>"; };
		69F5882918CF78C9002A18F4 /* FBCListViewController.m */ = {isa = PBXFileReference; fileEncoding = 4; lastKnownFileType = sourcecode.c.objc; path = FBCListViewController.m; sourceTree = "<group>"; };
		69FBC18118DCE7890070E258 /* FBCNewNoteController.h */ = {isa = PBXFileReference; fileEncoding = 4; lastKnownFileType = sourcecode.c.h; path = FBCNewNoteController.h; sourceTree = "<group>"; };
		69FBC18218DCE7890070E258 /* FBCNewNoteController.m */ = {isa = PBXFileReference; fileEncoding = 4; lastKnownFileType = sourcecode.c.objc; path = FBCNewNoteController.m; sourceTree = "<group>"; };
		69FBC18418DCF96A0070E258 /* FBCNoteCell.h */ = {isa = PBXFileReference; fileEncoding = 4; lastKnownFileType = sourcecode.c.h; path = FBCNoteCell.h; sourceTree = "<group>"; };
		69FBC18518DCF96A0070E258 /* FBCNoteCell.m */ = {isa = PBXFileReference; fileEncoding = 4; lastKnownFileType = sourcecode.c.objc; path = FBCNoteCell.m; sourceTree = "<group>"; };
		69FD432818CFA75F00A95B61 /* FBCCellIdentifiers.h */ = {isa = PBXFileReference; lastKnownFileType = sourcecode.c.h; path = FBCCellIdentifiers.h; sourceTree = "<group>"; };
		69FD432918CFAACF00A95B61 /* FBCListViewModelProtocol.h */ = {isa = PBXFileReference; fileEncoding = 4; lastKnownFileType = sourcecode.c.h; path = FBCListViewModelProtocol.h; sourceTree = "<group>"; };
		69FD432D18CFABF300A95B61 /* FBCExerciseListModel.h */ = {isa = PBXFileReference; fileEncoding = 4; lastKnownFileType = sourcecode.c.h; path = FBCExerciseListModel.h; sourceTree = "<group>"; };
		69FD432E18CFABF300A95B61 /* FBCExerciseListModel.m */ = {isa = PBXFileReference; fileEncoding = 4; lastKnownFileType = sourcecode.c.objc; path = FBCExerciseListModel.m; sourceTree = "<group>"; };
		69FD433018CFAC1C00A95B61 /* FBCTrainingListModel.h */ = {isa = PBXFileReference; fileEncoding = 4; lastKnownFileType = sourcecode.c.h; path = FBCTrainingListModel.h; sourceTree = "<group>"; };
		69FD433118CFAC1C00A95B61 /* FBCTrainingListModel.m */ = {isa = PBXFileReference; fileEncoding = 4; lastKnownFileType = sourcecode.c.objc; path = FBCTrainingListModel.m; sourceTree = "<group>"; };
		69FD433918CFB7B000A95B61 /* FBCFadeSegue.h */ = {isa = PBXFileReference; fileEncoding = 4; lastKnownFileType = sourcecode.c.h; path = FBCFadeSegue.h; sourceTree = "<group>"; };
		69FD433A18CFB7B000A95B61 /* FBCFadeSegue.m */ = {isa = PBXFileReference; fileEncoding = 4; lastKnownFileType = sourcecode.c.objc; path = FBCFadeSegue.m; sourceTree = "<group>"; };
		69FD433C18CFB95500A95B61 /* FBCFlipHorizontalSegue.h */ = {isa = PBXFileReference; fileEncoding = 4; lastKnownFileType = sourcecode.c.h; path = FBCFlipHorizontalSegue.h; sourceTree = "<group>"; };
		69FD433D18CFB95500A95B61 /* FBCFlipHorizontalSegue.m */ = {isa = PBXFileReference; fileEncoding = 4; lastKnownFileType = sourcecode.c.objc; path = FBCFlipHorizontalSegue.m; sourceTree = "<group>"; };
		69FE9FF518E7632A00EEA177 /* LXReorderableCollectionViewFlowLayout.h */ = {isa = PBXFileReference; fileEncoding = 4; lastKnownFileType = sourcecode.c.h; path = LXReorderableCollectionViewFlowLayout.h; sourceTree = "<group>"; };
		69FE9FF618E7632A00EEA177 /* LXReorderableCollectionViewFlowLayout.m */ = {isa = PBXFileReference; fileEncoding = 4; lastKnownFileType = sourcecode.c.objc; path = LXReorderableCollectionViewFlowLayout.m; sourceTree = "<group>"; };
		69FE9FF918E7633D00EEA177 /* LICENSE.txt */ = {isa = PBXFileReference; fileEncoding = 4; lastKnownFileType = text; path = LICENSE.txt; sourceTree = "<group>"; };
		69FE9FFA18E7633D00EEA177 /* NSData+MD5.h */ = {isa = PBXFileReference; fileEncoding = 4; lastKnownFileType = sourcecode.c.h; path = "NSData+MD5.h"; sourceTree = "<group>"; };
		69FE9FFB18E7633D00EEA177 /* NSData+MD5.m */ = {isa = PBXFileReference; fileEncoding = 4; lastKnownFileType = sourcecode.c.objc; path = "NSData+MD5.m"; sourceTree = "<group>"; };
		69FE9FFC18E7633D00EEA177 /* NSString+MD5.h */ = {isa = PBXFileReference; fileEncoding = 4; lastKnownFileType = sourcecode.c.h; path = "NSString+MD5.h"; sourceTree = "<group>"; };
		69FE9FFD18E7633D00EEA177 /* NSString+MD5.m */ = {isa = PBXFileReference; fileEncoding = 4; lastKnownFileType = sourcecode.c.objc; path = "NSString+MD5.m"; sourceTree = "<group>"; };
		69FE9FFE18E7633D00EEA177 /* PDFView.h */ = {isa = PBXFileReference; fileEncoding = 4; lastKnownFileType = sourcecode.c.h; path = PDFView.h; sourceTree = "<group>"; };
		69FE9FFF18E7633D00EEA177 /* PDFView.m */ = {isa = PBXFileReference; fileEncoding = 4; lastKnownFileType = sourcecode.c.objc; path = PDFView.m; sourceTree = "<group>"; };
		69FEA00018E7633D00EEA177 /* UIImage+PDF.h */ = {isa = PBXFileReference; fileEncoding = 4; lastKnownFileType = sourcecode.c.h; path = "UIImage+PDF.h"; sourceTree = "<group>"; };
		69FEA00118E7633D00EEA177 /* UIImage+PDF.m */ = {isa = PBXFileReference; fileEncoding = 4; lastKnownFileType = sourcecode.c.objc; path = "UIImage+PDF.m"; sourceTree = "<group>"; };
		69FEA00218E7633D00EEA177 /* UIView+Image.h */ = {isa = PBXFileReference; fileEncoding = 4; lastKnownFileType = sourcecode.c.h; path = "UIView+Image.h"; sourceTree = "<group>"; };
		69FEA00318E7633D00EEA177 /* UIView+Image.m */ = {isa = PBXFileReference; fileEncoding = 4; lastKnownFileType = sourcecode.c.objc; path = "UIView+Image.m"; sourceTree = "<group>"; };
		69FEA00C18E7643500EEA177 /* field.pdf */ = {isa = PBXFileReference; lastKnownFileType = image.pdf; path = field.pdf; sourceTree = "<group>"; };
		69FEA00E18E764A900EEA177 /* FBCBundleResources.h */ = {isa = PBXFileReference; fileEncoding = 4; lastKnownFileType = sourcecode.c.h; path = FBCBundleResources.h; sourceTree = "<group>"; };
/* End PBXFileReference section */

/* Begin PBXFrameworksBuildPhase section */
		69ECF26018CE32C800F741AB /* Frameworks */ = {
			isa = PBXFrameworksBuildPhase;
			buildActionMask = 2147483647;
			files = (
				69ECF26918CE32C900F741AB /* CoreGraphics.framework in Frameworks */,
				69ECF26B18CE32C900F741AB /* UIKit.framework in Frameworks */,
				69ECF26718CE32C900F741AB /* Foundation.framework in Frameworks */,
			);
			runOnlyForDeploymentPostprocessing = 0;
		};
		69ECF27B18CE32C900F741AB /* Frameworks */ = {
			isa = PBXFrameworksBuildPhase;
			buildActionMask = 2147483647;
			files = (
				69ECF28018CE32C900F741AB /* XCTest.framework in Frameworks */,
				69ECF28218CE32C900F741AB /* UIKit.framework in Frameworks */,
				69ECF28118CE32C900F741AB /* Foundation.framework in Frameworks */,
			);
			runOnlyForDeploymentPostprocessing = 0;
		};
/* End PBXFrameworksBuildPhase section */

/* Begin PBXGroup section */
		6906CFC518DF417600D3006A /* Training detail */ = {
			isa = PBXGroup;
			children = (
				6906CFC618DF418C00D3006A /* FBCTrainingDetailController.h */,
				6906CFC718DF418C00D3006A /* FBCTrainingDetailController.m */,
				6906CFC918DF6F3B00D3006A /* FBCTrainingDetailCell.h */,
				6906CFCA18DF6F3B00D3006A /* FBCTrainingDetailCell.m */,
				6906CFCC18DF70E300D3006A /* FBCTrainingDetailModel.h */,
				6906CFCD18DF70E300D3006A /* FBCTrainingDetailModel.m */,
				6906CFCF18DF7C0C00D3006A /* FBCTrainingDetailSectionHeaderView.h */,
				6906CFD018DF7C0C00D3006A /* FBCTrainingDetailSectionHeaderView.m */,
			);
			name = "Training detail";
			sourceTree = "<group>";
		};
		690B803718CE33680042C083 /* src */ = {
			isa = PBXGroup;
			children = (
				6906CFC518DF417600D3006A /* Training detail */,
				69FD432B18CFABC700A95B61 /* About screen */,
				69FD433F18CFB95D00A95B61 /* Custom segues */,
				69DE1C7418CE9082006A869C /* Defines */,
				691E7AFB18CFDBA60030B929 /* Exercise */,
				69DE1C7318CE8ECD006A869C /* FBCControllerDoneProtocol.h */,
				69FD432C18CFABD000A95B61 /* List view */,
				69FD432A18CFABB800A95B61 /* Main menu */,
				690B804218CE33CC0042C083 /* Supporting files */,
				69391D0718DDB0BF0009E3AB /* FBCEditUnitNameController.h */,
				69391D0818DDB0BF0009E3AB /* FBCEditUnitNameController.m */,
				69EB651318D4E6DB00F72E33 /* FBCExercise.h */,
				69EB651418D4E6DB00F72E33 /* FBCExercise.m */,
				69EB651618D4E6F500F72E33 /* FBCTraining.h */,
				69EB651718D4E6F500F72E33 /* FBCTraining.m */,
				69EB651918D4EBD800F72E33 /* FBCTrainingUnitProtocol.h */,
				69EB651A18D4EC6A00F72E33 /* FBCTrainingUnitLibrary.h */,
				69EB651B18D4EC6A00F72E33 /* FBCTrainingUnitLibrary.m */,
				69EB652618D5057700F72E33 /* NSDate+FBCDateToString.h */,
				69EB652718D5057700F72E33 /* NSDate+FBCDateToString.m */,
				69C3E4F618DCDC7500B6B1FB /* FBCUtilities.h */,
				69C3E4F718DCDC7500B6B1FB /* FBCUtilities.m */,
				69C3E4FC18DCDF6C00B6B1FB /* FBCNote.h */,
				69C3E4FD18DCDF6C00B6B1FB /* FBCNote.m */,
				69FE9FF318E7617800EEA177 /* Helper categories */,
			);
			name = src;
			path = ../src;
			sourceTree = "<group>";
		};
		690B804218CE33CC0042C083 /* Supporting files */ = {
			isa = PBXGroup;
			children = (
				690B803818CE33680042C083 /* FBCAppDelegate.h */,
				690B803918CE33680042C083 /* FBCAppDelegate.m */,
				690B803A18CE33680042C083 /* Floorball Coach-Info.plist */,
				690B803B18CE33680042C083 /* Floorball Coach-Prefix.pch */,
				690B803D18CE33680042C083 /* main.m */,
				690B804318CE33FD0042C083 /* MainStoryboard.storyboard */,
				69C3E4FB18DCDD3900B6B1FB /* localization.strings */,
			);
			name = "Supporting files";
			sourceTree = "<group>";
		};
		691E7AFB18CFDBA60030B929 /* Exercise */ = {
			isa = PBXGroup;
			children = (
				691E7AFC18CFDBE80030B929 /* FBCExerciseController.h */,
				691E7AFD18CFDBE80030B929 /* FBCExerciseController.m */,
				691E7AFF18CFDC1F0030B929 /* FBCToolboxController.h */,
				691E7B0018CFDC1F0030B929 /* FBCToolboxController.m */,
				69FEA00A18E763E600EEA177 /* Field */,
				69E6260C18DDBB8B00438EA8 /* Notes */,
			);
			name = Exercise;
			sourceTree = "<group>";
		};
		69BC278918E087C600C0B055 /* lib */ = {
			isa = PBXGroup;
			children = (
				69FE9FF818E7633D00EEA177 /* UIImage+PDF */,
				69FE9FF418E7632A00EEA177 /* LXReorderableCollectionViewFlowLayout */,
			);
			name = lib;
			sourceTree = "<group>";
		};
		69DE1C6D18CE8929006A869C /* tst */ = {
			isa = PBXGroup;
			children = (
				69EB651D18D4F10E00F72E33 /* TestFBCTrainingUnitLibrary.h */,
				69EB651E18D4F10E00F72E33 /* TestFBCTrainingUnitLibrary.m */,
			);
			name = tst;
			path = ../tst;
			sourceTree = "<group>";
		};
		69DE1C7418CE9082006A869C /* Defines */ = {
			isa = PBXGroup;
			children = (
				69DE1C7518CE90A6006A869C /* FBCSegueIdentifiers.h */,
				69FD432818CFA75F00A95B61 /* FBCCellIdentifiers.h */,
				69302B5318D0957300C73208 /* FBCStoryboardIdentifiers.h */,
				69FEA00E18E764A900EEA177 /* FBCBundleResources.h */,
			);
			name = Defines;
			sourceTree = "<group>";
		};
		69E6260C18DDBB8B00438EA8 /* Notes */ = {
			isa = PBXGroup;
			children = (
				691E7B0518CFE34E0030B929 /* FBCNotesPanelController.h */,
				691E7B0618CFE34E0030B929 /* FBCNotesPanelController.m */,
				69FBC18118DCE7890070E258 /* FBCNewNoteController.h */,
				69FBC18218DCE7890070E258 /* FBCNewNoteController.m */,
				69FBC18418DCF96A0070E258 /* FBCNoteCell.h */,
				69FBC18518DCF96A0070E258 /* FBCNoteCell.m */,
			);
			name = Notes;
			sourceTree = "<group>";
		};
		69ECF25A18CE32C800F741AB = {
			isa = PBXGroup;
			children = (
				69ECF26518CE32C900F741AB /* Frameworks */,
				69BC278918E087C600C0B055 /* lib */,
				69ECF26418CE32C900F741AB /* Products */,
				69FEA00B18E7641600EEA177 /* res */,
				690B803718CE33680042C083 /* src */,
				69DE1C6D18CE8929006A869C /* tst */,
			);
			sourceTree = "<group>";
		};
		69ECF26418CE32C900F741AB /* Products */ = {
			isa = PBXGroup;
			children = (
				69ECF26318CE32C900F741AB /* Floorball Coach.app */,
				69ECF27E18CE32C900F741AB /* Floorball CoachTests.xctest */,
			);
			name = Products;
			path = ../out;
			sourceTree = "<group>";
		};
		69ECF26518CE32C900F741AB /* Frameworks */ = {
			isa = PBXGroup;
			children = (
				69ECF26618CE32C900F741AB /* Foundation.framework */,
				69ECF26818CE32C900F741AB /* CoreGraphics.framework */,
				69ECF26A18CE32C900F741AB /* UIKit.framework */,
				69ECF27F18CE32C900F741AB /* XCTest.framework */,
			);
			name = Frameworks;
			sourceTree = "<group>";
		};
		69FD432A18CFABB800A95B61 /* Main menu */ = {
			isa = PBXGroup;
			children = (
				690B804518CE3DC40042C083 /* FBCMainMenuController.h */,
				690B804618CE3DC40042C083 /* FBCMainMenuController.m */,
				690B804818CE41670042C083 /* FBCMainMenuCellFactory.h */,
				690B804918CE41670042C083 /* FBCMainMenuCellFactory.m */,
			);
			name = "Main menu";
			sourceTree = "<group>";
		};
		69FD432B18CFABC700A95B61 /* About screen */ = {
			isa = PBXGroup;
			children = (
				69DE1C7018CE8E3F006A869C /* FBCAboutScreenController.h */,
				69DE1C7118CE8E3F006A869C /* FBCAboutScreenController.m */,
			);
			name = "About screen";
			sourceTree = "<group>";
		};
		69FD432C18CFABD000A95B61 /* List view */ = {
			isa = PBXGroup;
			children = (
				69F5882818CF78C9002A18F4 /* FBCListViewController.h */,
				69F5882918CF78C9002A18F4 /* FBCListViewController.m */,
				69FD432918CFAACF00A95B61 /* FBCListViewModelProtocol.h */,
				69FD432D18CFABF300A95B61 /* FBCExerciseListModel.h */,
				69FD432E18CFABF300A95B61 /* FBCExerciseListModel.m */,
				69FD433018CFAC1C00A95B61 /* FBCTrainingListModel.h */,
				69FD433118CFAC1C00A95B61 /* FBCTrainingListModel.m */,
				69EB652318D503EE00F72E33 /* FBCComplexExerciseCell.h */,
				69EB652418D503EE00F72E33 /* FBCComplexExerciseCell.m */,
				69A2013A18D51C67005C4E7B /* FBCSimpleExerciseCell.h */,
				69A2013B18D51C67005C4E7B /* FBCSimpleExerciseCell.m */,
				69A2013D18D5274F005C4E7B /* FBCTrainingCell.h */,
				69A2013E18D5274F005C4E7B /* FBCTrainingCell.m */,
				6990D18118D5C371003BC7BC /* FBCSortViewController.h */,
				6990D18218D5C371003BC7BC /* FBCSortViewController.m */,
				6990D18618D5D1D5003BC7BC /* FBCSortBlocks.h */,
				69391D0418DD99E70009E3AB /* FBCFavoritesModel.h */,
				69391D0518DD99E70009E3AB /* FBCFavoritesModel.m */,
			);
			name = "List view";
			sourceTree = "<group>";
		};
		69FD433F18CFB95D00A95B61 /* Custom segues */ = {
			isa = PBXGroup;
			children = (
				69FD433918CFB7B000A95B61 /* FBCFadeSegue.h */,
				69FD433A18CFB7B000A95B61 /* FBCFadeSegue.m */,
				69FD433C18CFB95500A95B61 /* FBCFlipHorizontalSegue.h */,
				69FD433D18CFB95500A95B61 /* FBCFlipHorizontalSegue.m */,
			);
			name = "Custom segues";
			sourceTree = "<group>";
		};
		69FE9FF318E7617800EEA177 /* Helper categories */ = {
			isa = PBXGroup;
			children = (
				6906CFD218DF801800D3006A /* UICollectionView+ReloadAnimated.h */,
				6906CFD318DF801800D3006A /* UICollectionView+ReloadAnimated.m */,
				6906CFD518DF871200D3006A /* NSMutableArray+RemoveDuplicates.h */,
				6906CFD618DF871200D3006A /* NSMutableArray+RemoveDuplicates.m */,
			);
			name = "Helper categories";
			sourceTree = "<group>";
		};
		69FE9FF418E7632A00EEA177 /* LXReorderableCollectionViewFlowLayout */ = {
			isa = PBXGroup;
			children = (
				69FE9FF518E7632A00EEA177 /* LXReorderableCollectionViewFlowLayout.h */,
				69FE9FF618E7632A00EEA177 /* LXReorderableCollectionViewFlowLayout.m */,
			);
			name = LXReorderableCollectionViewFlowLayout;
			path = ../lib/LXReorderableCollectionViewFlowLayout/LXReorderableCollectionViewFlowLayout;
			sourceTree = "<group>";
		};
		69FE9FF818E7633D00EEA177 /* UIImage+PDF */ = {
			isa = PBXGroup;
			children = (
				69FE9FF918E7633D00EEA177 /* LICENSE.txt */,
				69FE9FFA18E7633D00EEA177 /* NSData+MD5.h */,
				69FE9FFB18E7633D00EEA177 /* NSData+MD5.m */,
				69FE9FFC18E7633D00EEA177 /* NSString+MD5.h */,
				69FE9FFD18E7633D00EEA177 /* NSString+MD5.m */,
				69FE9FFE18E7633D00EEA177 /* PDFView.h */,
				69FE9FFF18E7633D00EEA177 /* PDFView.m */,
				69FEA00018E7633D00EEA177 /* UIImage+PDF.h */,
				69FEA00118E7633D00EEA177 /* UIImage+PDF.m */,
				69FEA00218E7633D00EEA177 /* UIView+Image.h */,
				69FEA00318E7633D00EEA177 /* UIView+Image.m */,
			);
			name = "UIImage+PDF";
			path = "../lib/UIImage+PDF/UIImage+PDF";
			sourceTree = "<group>";
		};
		69FEA00A18E763E600EEA177 /* Field */ = {
			isa = PBXGroup;
			children = (
				691E7B0218CFE2290030B929 /* FBCFieldController.h */,
				691E7B0318CFE2290030B929 /* FBCFieldController.m */,
			);
			name = Field;
			sourceTree = "<group>";
		};
		69FEA00B18E7641600EEA177 /* res */ = {
			isa = PBXGroup;
			children = (
				69FEA00C18E7643500EEA177 /* field.pdf */,
			);
			name = res;
			path = ../res;
			sourceTree = "<group>";
		};
/* End PBXGroup section */

/* Begin PBXNativeTarget section */
		69ECF26218CE32C800F741AB /* Floorball Coach */ = {
			isa = PBXNativeTarget;
			buildConfigurationList = 69ECF28F18CE32C900F741AB /* Build configuration list for PBXNativeTarget "Floorball Coach" */;
			buildPhases = (
				69ECF25F18CE32C800F741AB /* Sources */,
				69ECF26018CE32C800F741AB /* Frameworks */,
				69ECF26118CE32C800F741AB /* Resources */,
			);
			buildRules = (
			);
			dependencies = (
			);
			name = "Floorball Coach";
			productName = "Floorbal Coach";
			productReference = 69ECF26318CE32C900F741AB /* Floorball Coach.app */;
			productType = "com.apple.product-type.application";
		};
		69ECF27D18CE32C900F741AB /* Floorball CoachTests */ = {
			isa = PBXNativeTarget;
			buildConfigurationList = 69ECF29218CE32C900F741AB /* Build configuration list for PBXNativeTarget "Floorball CoachTests" */;
			buildPhases = (
				69ECF27A18CE32C900F741AB /* Sources */,
				69ECF27B18CE32C900F741AB /* Frameworks */,
				69ECF27C18CE32C900F741AB /* Resources */,
			);
			buildRules = (
			);
			dependencies = (
				69ECF28418CE32C900F741AB /* PBXTargetDependency */,
			);
			name = "Floorball CoachTests";
			productName = "Floorbal CoachTests";
			productReference = 69ECF27E18CE32C900F741AB /* Floorball CoachTests.xctest */;
			productType = "com.apple.product-type.bundle.unit-test";
		};
/* End PBXNativeTarget section */

/* Begin PBXProject section */
		69ECF25B18CE32C800F741AB /* Project object */ = {
			isa = PBXProject;
			attributes = {
				CLASSPREFIX = FBC;
				LastUpgradeCheck = 0510;
				ORGANIZATIONNAME = "Jakub Olejník";
				TargetAttributes = {
					69ECF27D18CE32C900F741AB = {
						TestTargetID = 69ECF26218CE32C800F741AB;
					};
				};
			};
			buildConfigurationList = 69ECF25E18CE32C800F741AB /* Build configuration list for PBXProject "Floorball Coach" */;
			compatibilityVersion = "Xcode 3.2";
			developmentRegion = English;
			hasScannedForEncodings = 0;
			knownRegions = (
				en,
			);
			mainGroup = 69ECF25A18CE32C800F741AB;
			productRefGroup = 69ECF26418CE32C900F741AB /* Products */;
			projectDirPath = "";
			projectRoot = "";
			targets = (
				69ECF26218CE32C800F741AB /* Floorball Coach */,
				69ECF27D18CE32C900F741AB /* Floorball CoachTests */,
			);
		};
/* End PBXProject section */

/* Begin PBXResourcesBuildPhase section */
		69ECF26118CE32C800F741AB /* Resources */ = {
			isa = PBXResourcesBuildPhase;
			buildActionMask = 2147483647;
			files = (
				69FEA00418E7633D00EEA177 /* LICENSE.txt in Resources */,
				69FEA00D18E7643500EEA177 /* field.pdf in Resources */,
				69C3E4F918DCDD3900B6B1FB /* localization.strings in Resources */,
				690B804418CE33FD0042C083 /* MainStoryboard.storyboard in Resources */,
			);
			runOnlyForDeploymentPostprocessing = 0;
		};
		69ECF27C18CE32C900F741AB /* Resources */ = {
			isa = PBXResourcesBuildPhase;
			buildActionMask = 2147483647;
			files = (
			);
			runOnlyForDeploymentPostprocessing = 0;
		};
/* End PBXResourcesBuildPhase section */

/* Begin PBXSourcesBuildPhase section */
		69ECF25F18CE32C800F741AB /* Sources */ = {
			isa = PBXSourcesBuildPhase;
			buildActionMask = 2147483647;
			files = (
				69EB651518D4E6DB00F72E33 /* FBCExercise.m in Sources */,
				69391D0918DDB0BF0009E3AB /* FBCEditUnitNameController.m in Sources */,
				69EB652518D503EE00F72E33 /* FBCComplexExerciseCell.m in Sources */,
				69F5882A18CF78C9002A18F4 /* FBCListViewController.m in Sources */,
				6906CFC818DF418C00D3006A /* FBCTrainingDetailController.m in Sources */,
				69A2013F18D5274F005C4E7B /* FBCTrainingCell.m in Sources */,
				69DE1C7618CE9289006A869C /* FBCAboutScreenController.m in Sources */,
				69391D0618DD99E70009E3AB /* FBCFavoritesModel.m in Sources */,
				6990D18318D5C371003BC7BC /* FBCSortViewController.m in Sources */,
				69FD433B18CFB7B000A95B61 /* FBCFadeSegue.m in Sources */,
				6906CFD118DF7C0C00D3006A /* FBCTrainingDetailSectionHeaderView.m in Sources */,
				69FBC18318DCE7890070E258 /* FBCNewNoteController.m in Sources */,
				69FE9FF718E7632A00EEA177 /* LXReorderableCollectionViewFlowLayout.m in Sources */,
				690B804A18CE41670042C083 /* FBCMainMenuCellFactory.m in Sources */,
				69C3E4F818DCDC7500B6B1FB /* FBCUtilities.m in Sources */,
				69FEA00518E7633D00EEA177 /* NSData+MD5.m in Sources */,
				691E7AFE18CFDBE80030B929 /* FBCExerciseController.m in Sources */,
				69A2013C18D51C67005C4E7B /* FBCSimpleExerciseCell.m in Sources */,
				69FEA00818E7633D00EEA177 /* UIImage+PDF.m in Sources */,
				69FD433E18CFB95500A95B61 /* FBCFlipHorizontalSegue.m in Sources */,
				6906CFD718DF871200D3006A /* NSMutableArray+RemoveDuplicates.m in Sources */,
				69EB651F18D4F10E00F72E33 /* TestFBCTrainingUnitLibrary.m in Sources */,
				6906CFD418DF801800D3006A /* UICollectionView+ReloadAnimated.m in Sources */,
				690B804718CE3DC40042C083 /* FBCMainMenuController.m in Sources */,
				691E7B0718CFE34E0030B929 /* FBCNotesPanelController.m in Sources */,
				69FEA00718E7633D00EEA177 /* PDFView.m in Sources */,
				690B804118CE33680042C083 /* main.m in Sources */,
				69EB652818D5057700F72E33 /* NSDate+FBCDateToString.m in Sources */,
				69EB651C18D4EC6A00F72E33 /* FBCTrainingUnitLibrary.m in Sources */,
				69FD433218CFAC1C00A95B61 /* FBCTrainingListModel.m in Sources */,
				69C3E4FE18DCDF6C00B6B1FB /* FBCNote.m in Sources */,
				691E7B0418CFE2290030B929 /* FBCFieldController.m in Sources */,
				690B803E18CE33680042C083 /* FBCAppDelegate.m in Sources */,
				69FEA00918E7633D00EEA177 /* UIView+Image.m in Sources */,
				69FD432F18CFABF300A95B61 /* FBCExerciseListModel.m in Sources */,
				69FEA00618E7633D00EEA177 /* NSString+MD5.m in Sources */,
				691E7B0118CFDC1F0030B929 /* FBCToolboxController.m in Sources */,
				69FBC18618DCF96A0070E258 /* FBCNoteCell.m in Sources */,
				69EB651818D4E6F500F72E33 /* FBCTraining.m in Sources */,
				6906CFCE18DF70E300D3006A /* FBCTrainingDetailModel.m in Sources */,
				6906CFCB18DF6F3B00D3006A /* FBCTrainingDetailCell.m in Sources */,
			);
			runOnlyForDeploymentPostprocessing = 0;
		};
		69ECF27A18CE32C900F741AB /* Sources */ = {
			isa = PBXSourcesBuildPhase;
			buildActionMask = 2147483647;
			files = (
			);
			runOnlyForDeploymentPostprocessing = 0;
		};
/* End PBXSourcesBuildPhase section */

/* Begin PBXTargetDependency section */
		69ECF28418CE32C900F741AB /* PBXTargetDependency */ = {
			isa = PBXTargetDependency;
			target = 69ECF26218CE32C800F741AB /* Floorball Coach */;
			targetProxy = 69ECF28318CE32C900F741AB /* PBXContainerItemProxy */;
		};
/* End PBXTargetDependency section */

/* Begin PBXVariantGroup section */
		69C3E4FB18DCDD3900B6B1FB /* localization.strings */ = {
			isa = PBXVariantGroup;
			children = (
				69C3E4FA18DCDD3900B6B1FB /* en */,
			);
			name = localization.strings;
			sourceTree = "<group>";
		};
/* End PBXVariantGroup section */

/* Begin XCBuildConfiguration section */
		69ECF28D18CE32C900F741AB /* Debug */ = {
			isa = XCBuildConfiguration;
			buildSettings = {
				ALWAYS_SEARCH_USER_PATHS = NO;
				CLANG_CXX_LANGUAGE_STANDARD = "gnu++0x";
				CLANG_CXX_LIBRARY = "libc++";
				CLANG_ENABLE_MODULES = YES;
				CLANG_ENABLE_OBJC_ARC = YES;
				CLANG_WARN_BOOL_CONVERSION = YES;
				CLANG_WARN_CONSTANT_CONVERSION = YES;
				CLANG_WARN_DIRECT_OBJC_ISA_USAGE = YES_ERROR;
				CLANG_WARN_EMPTY_BODY = YES;
				CLANG_WARN_ENUM_CONVERSION = YES;
				CLANG_WARN_INT_CONVERSION = YES;
				CLANG_WARN_OBJC_ROOT_CLASS = YES_ERROR;
				CLANG_WARN__DUPLICATE_METHOD_MATCH = YES;
				"CODE_SIGN_IDENTITY[sdk=iphoneos*]" = "iPhone Developer";
				COPY_PHASE_STRIP = NO;
				GCC_C_LANGUAGE_STANDARD = gnu99;
				GCC_DYNAMIC_NO_PIC = NO;
				GCC_OPTIMIZATION_LEVEL = 0;
				GCC_PREPROCESSOR_DEFINITIONS = (
					"DEBUG=1",
					"$(inherited)",
				);
				GCC_SYMBOLS_PRIVATE_EXTERN = NO;
				GCC_WARN_64_TO_32_BIT_CONVERSION = YES;
				GCC_WARN_ABOUT_RETURN_TYPE = YES_ERROR;
				GCC_WARN_UNDECLARED_SELECTOR = YES;
				GCC_WARN_UNINITIALIZED_AUTOS = YES;
				GCC_WARN_UNUSED_FUNCTION = YES;
				GCC_WARN_UNUSED_VARIABLE = YES;
				IPHONEOS_DEPLOYMENT_TARGET = 7.0;
				OBJROOT = ../tmp;
				ONLY_ACTIVE_ARCH = YES;
				PROVISIONING_PROFILE = "3899FD4E-DD17-4FD4-9B06-EC352D827C95";
				SDKROOT = iphoneos;
				SYMROOT = ../out;
				TARGETED_DEVICE_FAMILY = 2;
			};
			name = Debug;
		};
		69ECF28E18CE32C900F741AB /* Release */ = {
			isa = XCBuildConfiguration;
			buildSettings = {
				ALWAYS_SEARCH_USER_PATHS = NO;
				CLANG_CXX_LANGUAGE_STANDARD = "gnu++0x";
				CLANG_CXX_LIBRARY = "libc++";
				CLANG_ENABLE_MODULES = YES;
				CLANG_ENABLE_OBJC_ARC = YES;
				CLANG_WARN_BOOL_CONVERSION = YES;
				CLANG_WARN_CONSTANT_CONVERSION = YES;
				CLANG_WARN_DIRECT_OBJC_ISA_USAGE = YES_ERROR;
				CLANG_WARN_EMPTY_BODY = YES;
				CLANG_WARN_ENUM_CONVERSION = YES;
				CLANG_WARN_INT_CONVERSION = YES;
				CLANG_WARN_OBJC_ROOT_CLASS = YES_ERROR;
				CLANG_WARN__DUPLICATE_METHOD_MATCH = YES;
				"CODE_SIGN_IDENTITY[sdk=iphoneos*]" = "iPhone Developer";
				COPY_PHASE_STRIP = YES;
				ENABLE_NS_ASSERTIONS = NO;
				GCC_C_LANGUAGE_STANDARD = gnu99;
				GCC_WARN_64_TO_32_BIT_CONVERSION = YES;
				GCC_WARN_ABOUT_RETURN_TYPE = YES_ERROR;
				GCC_WARN_UNDECLARED_SELECTOR = YES;
				GCC_WARN_UNINITIALIZED_AUTOS = YES;
				GCC_WARN_UNUSED_FUNCTION = YES;
				GCC_WARN_UNUSED_VARIABLE = YES;
				IPHONEOS_DEPLOYMENT_TARGET = 7.0;
				OBJROOT = ../tmp;
				PROVISIONING_PROFILE = "3899FD4E-DD17-4FD4-9B06-EC352D827C95";
				SDKROOT = iphoneos;
				SYMROOT = ../out;
				TARGETED_DEVICE_FAMILY = 2;
				VALIDATE_PRODUCT = YES;
			};
			name = Release;
		};
		69ECF29018CE32C900F741AB /* Debug */ = {
			isa = XCBuildConfiguration;
			buildSettings = {
				ASSETCATALOG_COMPILER_APPICON_NAME = AppIcon;
				ASSETCATALOG_COMPILER_LAUNCHIMAGE_NAME = LaunchImage;
				CODE_SIGN_IDENTITY = "iPhone Developer: Jakub Olejnik (3ANGQH2AUF)";
				GCC_PRECOMPILE_PREFIX_HEADER = YES;
				GCC_PREFIX_HEADER = "../src/Floorball Coach-Prefix.pch";
				INFOPLIST_FILE = "$(SRCROOT)/../src/Floorball Coach-Info.plist";
				OBJROOT = ../tmp;
				PRODUCT_NAME = "Floorball Coach";
				PROVISIONING_PROFILE = "DF4F60CD-422D-4CAB-9ABB-B399D4900E9F";
				SYMROOT = ../out;
				WRAPPER_EXTENSION = app;
			};
			name = Debug;
		};
		69ECF29118CE32C900F741AB /* Release */ = {
			isa = XCBuildConfiguration;
			buildSettings = {
				ASSETCATALOG_COMPILER_APPICON_NAME = AppIcon;
				ASSETCATALOG_COMPILER_LAUNCHIMAGE_NAME = LaunchImage;
				GCC_PRECOMPILE_PREFIX_HEADER = YES;
				GCC_PREFIX_HEADER = "../src/Floorball Coach-Prefix.pch";
				INFOPLIST_FILE = "$(SRCROOT)/../src/Floorball Coach-Info.plist";
				OBJROOT = ../tmp;
				PRODUCT_NAME = "Floorball Coach";
				PROVISIONING_PROFILE = "";
				SYMROOT = ../out;
				WRAPPER_EXTENSION = app;
			};
			name = Release;
		};
		69ECF29318CE32C900F741AB /* Debug */ = {
			isa = XCBuildConfiguration;
			buildSettings = {
				BUNDLE_LOADER = "$(BUILT_PRODUCTS_DIR)/Floorbal Coach.app/Floorbal Coach";
				FRAMEWORK_SEARCH_PATHS = (
					"$(SDKROOT)/Developer/Library/Frameworks",
					"$(inherited)",
					"$(DEVELOPER_FRAMEWORKS_DIR)",
				);
				GCC_PRECOMPILE_PREFIX_HEADER = YES;
				GCC_PREFIX_HEADER = "Floorbal Coach/Floorbal Coach-Prefix.pch";
				GCC_PREPROCESSOR_DEFINITIONS = (
					"DEBUG=1",
					"$(inherited)",
				);
				INFOPLIST_FILE = "Floorbal CoachTests/Floorbal CoachTests-Info.plist";
				PRODUCT_NAME = "Floorball CoachTests";
				TEST_HOST = "$(BUNDLE_LOADER)";
				WRAPPER_EXTENSION = xctest;
			};
			name = Debug;
		};
		69ECF29418CE32C900F741AB /* Release */ = {
			isa = XCBuildConfiguration;
			buildSettings = {
				BUNDLE_LOADER = "$(BUILT_PRODUCTS_DIR)/Floorbal Coach.app/Floorbal Coach";
				FRAMEWORK_SEARCH_PATHS = (
					"$(SDKROOT)/Developer/Library/Frameworks",
					"$(inherited)",
					"$(DEVELOPER_FRAMEWORKS_DIR)",
				);
				GCC_PRECOMPILE_PREFIX_HEADER = YES;
				GCC_PREFIX_HEADER = "Floorbal Coach/Floorbal Coach-Prefix.pch";
				INFOPLIST_FILE = "Floorbal CoachTests/Floorbal CoachTests-Info.plist";
				PRODUCT_NAME = "Floorball CoachTests";
				TEST_HOST = "$(BUNDLE_LOADER)";
				WRAPPER_EXTENSION = xctest;
			};
			name = Release;
		};
/* End XCBuildConfiguration section */

/* Begin XCConfigurationList section */
		69ECF25E18CE32C800F741AB /* Build configuration list for PBXProject "Floorball Coach" */ = {
			isa = XCConfigurationList;
			buildConfigurations = (
				69ECF28D18CE32C900F741AB /* Debug */,
				69ECF28E18CE32C900F741AB /* Release */,
			);
			defaultConfigurationIsVisible = 0;
			defaultConfigurationName = Release;
		};
		69ECF28F18CE32C900F741AB /* Build configuration list for PBXNativeTarget "Floorball Coach" */ = {
			isa = XCConfigurationList;
			buildConfigurations = (
				69ECF29018CE32C900F741AB /* Debug */,
				69ECF29118CE32C900F741AB /* Release */,
			);
			defaultConfigurationIsVisible = 0;
			defaultConfigurationName = Release;
		};
		69ECF29218CE32C900F741AB /* Build configuration list for PBXNativeTarget "Floorball CoachTests" */ = {
			isa = XCConfigurationList;
			buildConfigurations = (
				69ECF29318CE32C900F741AB /* Debug */,
				69ECF29418CE32C900F741AB /* Release */,
			);
			defaultConfigurationIsVisible = 0;
			defaultConfigurationName = Release;
		};
/* End XCConfigurationList section */
	};
	rootObject = 69ECF25B18CE32C800F741AB /* Project object */;
}
